{
    "name": "tr-key-vault-client",
    "version": "0.0.0",
    "lockfileVersion": 3,
    "requires": true,
    "packages": {
        "": {
            "name": "tr-key-vault-client",
            "version": "0.0.0",
            "license": "MIT",
            "dependencies": {
                "optist": "^2.0.1"
            },
            "bin": {
                "kv-client": "kv-client"
            },
            "engines": {
                "node": ">=18"
            }
        },
        "node_modules/optist": {
            "version": "2.0.1",
            "resolved": "https://registry.npmjs.org/optist/-/optist-2.0.1.tgz",
            "integrity": "sha512-Pr0RSks0RQ1bshuKwj1agCGAqZJ+Vn+3wFItoxxpxpsTuhQJ6ldk7O8WvYWzjhkXH8tH6kSe7jiMG8GT7AHxlA==",
            "license": "MIT",
            "engines": {
                "node": ">=4.2.0"
            }
        }
    }
}
